
Microsoft Visual Studio Solution File, Format Version 12.00
# Visual Studio Version 17
VisualStudioVersion = 17.6.33815.320
MinimumVisualStudioVersion = 10.0.40219.1
Project("{FAE04EC0-301F-11D3-BF4B-00C04F79EFBC}") = "ChatBook", "ChatBook.csproj", "{5177395E-9B4B-461D-9F6D-54338197916B}"
EndProject
Project("{9A19103F-16F7-4668-BE54-9A1E7A4F7556}") = "ChatService", "..\ChatService\ChatService.csproj", "{DE4C9992-507D-48DC-9733-0926607D3677}"
EndProject
Global
	GlobalSection(SolutionConfigurationPlatforms) = preSolution
		Debug|Any CPU = Debug|Any CPU
		Release|Any CPU = Release|Any CPU
	EndGlobalSection
	GlobalSection(ProjectConfigurationPlatforms) = postSolution
		{5177395E-9B4B-461D-9F6D-54338197916B}.Debug|Any CPU.ActiveCfg = Debug|Any CPU
		{5177395E-9B4B-461D-9F6D-54338197916B}.Debug|Any CPU.Build.0 = Debug|Any CPU
		{5177395E-9B4B-461D-9F6D-54338197916B}.Release|Any CPU.ActiveCfg = Release|Any CPU
		{5177395E-9B4B-461D-9F6D-54338197916B}.Release|Any CPU.Build.0 = Release|Any CPU
		{DE4C9992-507D-48DC-9733-0926607D3677}.Debug|Any CPU.ActiveCfg = Debug|Any CPU
		{DE4C9992-507D-48DC-9733-0926607D3677}.Debug|Any CPU.Build.0 = Debug|Any CPU
		{DE4C9992-507D-48DC-9733-0926607D3677}.Release|Any CPU.ActiveCfg = Release|Any CPU
		{DE4C9992-507D-48DC-9733-0926607D3677}.Release|Any CPU.Build.0 = Release|Any CPU
	EndGlobalSection
	GlobalSection(SolutionProperties) = preSolution
		HideSolutionNode = FALSE
	EndGlobalSection
	GlobalSection(ExtensibilityGlobals) = postSolution
		SolutionGuid = {19ADEF39-AFD3-4941-97FF-8A250413EDDC}
	EndGlobalSection
EndGlobal
